PATH
  remote: .
  specs:
    crate_ruby (0.2.1)

GEM
  remote: https://rubygems.org/
  specs:
    ast (2.4.3)
    base64 (0.3.0)
    benchmark (0.5.0)
    diff-lcs (1.6.2)
    json (2.18.1)
    os (1.1.4)
    ostruct (0.6.3)
    parallel (1.27.0)
    parser (3.3.10.1)
      ast (~> 2.4.1)
      racc
    prism (1.9.0)
    racc (1.8.1)
    rainbow (3.1.1)
    regexp_parser (2.11.3)
    rexml (3.4.4)
    rspec (3.13.2)
      rspec-core (~> 3.13.0)
      rspec-expectations (~> 3.13.0)
      rspec-mocks (~> 3.13.0)
    rspec-core (3.13.6)
      rspec-support (~> 3.13.0)
    rspec-expectations (3.13.5)
      diff-lcs (>= 1.2.0, < 2.0)
      rspec-support (~> 3.13.0)
    rspec-mocks (3.13.7)
      diff-lcs (>= 1.2.0, < 2.0)
      rspec-support (~> 3.13.0)
    rspec-support (3.13.7)
    rubocop (1.39.0)
      json (~> 2.3)
      parallel (~> 1.10)
      parser (>= 3.1.2.1)
      rainbow (>= 2.2.2, < 4.0)
      regexp_parser (>= 1.8, < 3.0)
      rexml (>= 3.2.5, < 4.0)
      rubocop-ast (>= 1.23.0, < 2.0)
      ruby-progressbar (~> 1.7)
      unicode-display_width (>= 1.4.0, < 3.0)
    rubocop-ast (1.49.0)
      parser (>= 3.3.7.2)
      prism (~> 1.7)
    rubocop-rspec (2.17.1)
      rubocop (~> 1.33)
    ruby-progressbar (1.13.0)
    unicode-display_width (2.6.0)

PLATFORMS
  x86_64-darwin-17
  x86_64-darwin-19
  x86_64-darwin-20
  x86_64-darwin-23
  x86_64-linux

DEPENDENCIES
  base64
  benchmark
  bundler
  crate_ruby!
  os
  ostruct
  rspec (~> 3.10)
  rubocop (< 1.40)
  rubocop-rspec

BUNDLED WITH
   2.2.16
